
Microsoft Visual Studio Solution File, Format Version 12.00
# Visual Studio 15
VisualStudioVersion = 15.0.27703.2035
MinimumVisualStudioVersion = 10.0.40219.1
Project("{FAE04EC0-301F-11D3-BF4B-00C04F79EFBC}") = "gehcf1", "gehcf1\gehcf1.csproj", "{6FEEEFA1-DD17-42F4-A58C-1EE9E49A1F3A}"
EndProject
Global
	GlobalSection(SolutionConfigurationPlatforms) = preSolution
		Debug|Any CPU = Debug|Any CPU
		Release|Any CPU = Release|Any CPU
	EndGlobalSection
	GlobalSection(ProjectConfigurationPlatforms) = postSolution
		{6FEEEFA1-DD17-42F4-A58C-1EE9E49A1F3A}.Debug|Any CPU.ActiveCfg = Debug|Any CPU
		{6FEEEFA1-DD17-42F4-A58C-1EE9E49A1F3A}.Debug|Any CPU.Build.0 = Debug|Any CPU
		{6FEEEFA1-DD17-42F4-A58C-1EE9E49A1F3A}.Release|Any CPU.ActiveCfg = Release|Any CPU
		{6FEEEFA1-DD17-42F4-A58C-1EE9E49A1F3A}.Release|Any CPU.Build.0 = Release|Any CPU
	EndGlobalSection
	GlobalSection(SolutionProperties) = preSolution
		HideSolutionNode = FALSE
	EndGlobalSection
	GlobalSection(ExtensibilityGlobals) = postSolution
		SolutionGuid = {2486E6CC-06C3-4224-A4DC-77BED1E4F6C5}
	EndGlobalSection
EndGlobal
